
Microsoft Visual Studio Solution File, Format Version 12.00
# Visual Studio Version 17
VisualStudioVersion = 17.3.32611.2
MinimumVisualStudioVersion = 10.0.40219.1
Project("{FAE04EC0-301F-11D3-BF4B-00C04F79EFBC}") = "Mortgage Calculator", "Mortgage Calculator\Mortgage Calculator.csproj", "{CBA02D45-A52F-47C9-B544-01AEA916EAF1}"
EndProject
Global
	GlobalSection(SolutionConfigurationPlatforms) = preSolution
		Debug|Any CPU = Debug|Any CPU
		Release|Any CPU = Release|Any CPU
	EndGlobalSection
	GlobalSection(ProjectConfigurationPlatforms) = postSolution
		{CBA02D45-A52F-47C9-B544-01AEA916EAF1}.Debug|Any CPU.ActiveCfg = Debug|Any CPU
		{CBA02D45-A52F-47C9-B544-01AEA916EAF1}.Debug|Any CPU.Build.0 = Debug|Any CPU
		{CBA02D45-A52F-47C9-B544-01AEA916EAF1}.Release|Any CPU.ActiveCfg = Release|Any CPU
		{CBA02D45-A52F-47C9-B544-01AEA916EAF1}.Release|Any CPU.Build.0 = Release|Any CPU
	EndGlobalSection
	GlobalSection(SolutionProperties) = preSolution
		HideSolutionNode = FALSE
	EndGlobalSection
	GlobalSection(ExtensibilityGlobals) = postSolution
		SolutionGuid = {08241B9C-2179-4CDF-B83D-DD7DC655EE4F}
	EndGlobalSection
EndGlobal
